
Microsoft Visual Studio Solution File, Format Version 12.00
# Visual Studio 15
VisualStudioVersion = 15.0.28010.2019
MinimumVisualStudioVersion = 10.0.40219.1
Project("{FAE04EC0-301F-11D3-BF4B-00C04F79EFBC}") = "WcfService", "WcfService\WcfService.csproj", "{9A289A21-BF78-4BBF-A9B4-2EC5D035045E}"
EndProject
Project("{FAE04EC0-301F-11D3-BF4B-00C04F79EFBC}") = "WCF_Host", "..\WCF_Host\WCF_Host.csproj", "{BD13680D-8EA4-4D3A-A087-030CFA89DCA9}"
	ProjectSection(ProjectDependencies) = postProject
		{9A289A21-BF78-4BBF-A9B4-2EC5D035045E} = {9A289A21-BF78-4BBF-A9B4-2EC5D035045E}
	EndProjectSection
EndProject
Project("{FAE04EC0-301F-11D3-BF4B-00C04F79EFBC}") = "WCF_Client", "..\WCF_Client\WCF_Client.csproj", "{05F0BFB8-ECFC-47D3-9D77-FFD639A97184}"
EndProject
Global
	GlobalSection(SolutionConfigurationPlatforms) = preSolution
		Debug|Any CPU = Debug|Any CPU
		Release|Any CPU = Release|Any CPU
	EndGlobalSection
	GlobalSection(ProjectConfigurationPlatforms) = postSolution
		{9A289A21-BF78-4BBF-A9B4-2EC5D035045E}.Debug|Any CPU.ActiveCfg = Debug|Any CPU
		{9A289A21-BF78-4BBF-A9B4-2EC5D035045E}.Debug|Any CPU.Build.0 = Debug|Any CPU
		{9A289A21-BF78-4BBF-A9B4-2EC5D035045E}.Release|Any CPU.ActiveCfg = Release|Any CPU
		{9A289A21-BF78-4BBF-A9B4-2EC5D035045E}.Release|Any CPU.Build.0 = Release|Any CPU
		{BD13680D-8EA4-4D3A-A087-030CFA89DCA9}.Debug|Any CPU.ActiveCfg = Debug|Any CPU
		{BD13680D-8EA4-4D3A-A087-030CFA89DCA9}.Debug|Any CPU.Build.0 = Debug|Any CPU
		{BD13680D-8EA4-4D3A-A087-030CFA89DCA9}.Release|Any CPU.ActiveCfg = Release|Any CPU
		{BD13680D-8EA4-4D3A-A087-030CFA89DCA9}.Release|Any CPU.Build.0 = Release|Any CPU
		{05F0BFB8-ECFC-47D3-9D77-FFD639A97184}.Debug|Any CPU.ActiveCfg = Debug|Any CPU
		{05F0BFB8-ECFC-47D3-9D77-FFD639A97184}.Debug|Any CPU.Build.0 = Debug|Any CPU
		{05F0BFB8-ECFC-47D3-9D77-FFD639A97184}.Release|Any CPU.ActiveCfg = Release|Any CPU
		{05F0BFB8-ECFC-47D3-9D77-FFD639A97184}.Release|Any CPU.Build.0 = Release|Any CPU
	EndGlobalSection
	GlobalSection(SolutionProperties) = preSolution
		HideSolutionNode = FALSE
	EndGlobalSection
	GlobalSection(ExtensibilityGlobals) = postSolution
		SolutionGuid = {B3797F69-9C1B-436C-9EA7-BC4977586B4E}
	EndGlobalSection
EndGlobal
